// !$*UTF8*$!
{
	archiveVersion = 1;
	classes = {
	};
	objectVersion = 51;
	objects = {

/* Begin PBXBuildFile section */
		783471202332D42800CE5856 /* CountryTableViewCell.swift in Sources */ = {isa = PBXBuildFile; fileRef = 7834711F2332D42800CE5856 /* CountryTableViewCell.swift */; };
		78457F22233A9FA100D6BA8A /* LocationViewController.swift in Sources */ = {isa = PBXBuildFile; fileRef = 78457F21233A9FA100D6BA8A /* LocationViewController.swift */; };
		78841BA2233995D6008A8C91 /* CountryDetailViewController.swift in Sources */ = {isa = PBXBuildFile; fileRef = 78841BA1233995D6008A8C91 /* CountryDetailViewController.swift */; };
		78B2BF8223355A7700921A96 /* WebKit.framework in Frameworks */ = {isa = PBXBuildFile; fileRef = 78B2BF8123355A7700921A96 /* WebKit.framework */; };
		78CA5C892332A46200B8A584 /* AppDelegate.swift in Sources */ = {isa = PBXBuildFile; fileRef = 78CA5C882332A46200B8A584 /* AppDelegate.swift */; };
		78CA5C8E2332A46300B8A584 /* Main.storyboard in Resources */ = {isa = PBXBuildFile; fileRef = 78CA5C8C2332A46300B8A584 /* Main.storyboard */; };
		78CA5C912332A46300B8A584 /* CountryViewer.xcdatamodeld in Sources */ = {isa = PBXBuildFile; fileRef = 78CA5C8F2332A46300B8A584 /* CountryViewer.xcdatamodeld */; };
		78CA5C932332A46500B8A584 /* Assets.xcassets in Resources */ = {isa = PBXBuildFile; fileRef = 78CA5C922332A46500B8A584 /* Assets.xcassets */; };
		78CA5C962332A46500B8A584 /* LaunchScreen.storyboard in Resources */ = {isa = PBXBuildFile; fileRef = 78CA5C942332A46500B8A584 /* LaunchScreen.storyboard */; };
		78CA5C9F2332A4A200B8A584 /* CountryModel.swift in Sources */ = {isa = PBXBuildFile; fileRef = 78CA5C9E2332A4A200B8A584 /* CountryModel.swift */; };
		78CA5CA12332A7AE00B8A584 /* RegionalBlocModel.swift in Sources */ = {isa = PBXBuildFile; fileRef = 78CA5CA02332A7AE00B8A584 /* RegionalBlocModel.swift */; };
		78CA5CA32332A8C100B8A584 /* TranslationModel.swift in Sources */ = {isa = PBXBuildFile; fileRef = 78CA5CA22332A8C100B8A584 /* TranslationModel.swift */; };
		78CA5CA52332ACD500B8A584 /* LanguageModel.swift in Sources */ = {isa = PBXBuildFile; fileRef = 78CA5CA42332ACD500B8A584 /* LanguageModel.swift */; };
		78CA5CA72332AD3B00B8A584 /* CurrencyModel.swift in Sources */ = {isa = PBXBuildFile; fileRef = 78CA5CA62332AD3B00B8A584 /* CurrencyModel.swift */; };
		78CA5CAB2332B17500B8A584 /* ServiceManager.swift in Sources */ = {isa = PBXBuildFile; fileRef = 78CA5CAA2332B17500B8A584 /* ServiceManager.swift */; };
		78EBB5882332CCB100D449E9 /* CountriesTableViewController.swift in Sources */ = {isa = PBXBuildFile; fileRef = 78EBB5872332CCB100D449E9 /* CountriesTableViewController.swift */; };
		796E73D38D202DEE094A69BF /* Pods_CountryViewer.framework in Frameworks */ = {isa = PBXBuildFile; fileRef = CC272978CDCD7D5A14FB084C /* Pods_CountryViewer.framework */; };
/* End PBXBuildFile section */

/* Begin PBXFileReference section */
		39B3AB16E35AA24C033B4968 /* Pods-CountryViewer.release.xcconfig */ = {isa = PBXFileReference; includeInIndex = 1; lastKnownFileType = text.xcconfig; name = "Pods-CountryViewer.release.xcconfig"; path = "Target Support Files/Pods-CountryViewer/Pods-CountryViewer.release.xcconfig"; sourceTree = "<group>"; };
		7834711F2332D42800CE5856 /* CountryTableViewCell.swift */ = {isa = PBXFileReference; lastKnownFileType = sourcecode.swift; path = CountryTableViewCell.swift; sourceTree = "<group>"; };
		78457F21233A9FA100D6BA8A /* LocationViewController.swift */ = {isa = PBXFileReference; lastKnownFileType = sourcecode.swift; path = LocationViewController.swift; sourceTree = "<group>"; };
		78841BA1233995D6008A8C91 /* CountryDetailViewController.swift */ = {isa = PBXFileReference; lastKnownFileType = sourcecode.swift; path = CountryDetailViewController.swift; sourceTree = "<group>"; };
		78B2BF8123355A7700921A96 /* WebKit.framework */ = {isa = PBXFileReference; lastKnownFileType = wrapper.framework; name = WebKit.framework; path = System/Library/Frameworks/WebKit.framework; sourceTree = SDKROOT; };
		78CA5C852332A46200B8A584 /* CountryViewer.app */ = {isa = PBXFileReference; explicitFileType = wrapper.application; includeInIndex = 0; path = CountryViewer.app; sourceTree = BUILT_PRODUCTS_DIR; };
		78CA5C882332A46200B8A584 /* AppDelegate.swift */ = {isa = PBXFileReference; lastKnownFileType = sourcecode.swift; path = AppDelegate.swift; sourceTree = "<group>"; };
		78CA5C8D2332A46300B8A584 /* Base */ = {isa = PBXFileReference; lastKnownFileType = file.storyboard; name = Base; path = Base.lproj/Main.storyboard; sourceTree = "<group>"; };
		78CA5C902332A46300B8A584 /* CountryViewer.xcdatamodel */ = {isa = PBXFileReference; lastKnownFileType = wrapper.xcdatamodel; path = CountryViewer.xcdatamodel; sourceTree = "<group>"; };
		78CA5C922332A46500B8A584 /* Assets.xcassets */ = {isa = PBXFileReference; lastKnownFileType = folder.assetcatalog; path = Assets.xcassets; sourceTree = "<group>"; };
		78CA5C952332A46500B8A584 /* Base */ = {isa = PBXFileReference; lastKnownFileType = file.storyboard; name = Base; path = Base.lproj/LaunchScreen.storyboard; sourceTree = "<group>"; };
		78CA5C972332A46500B8A584 /* Info.plist */ = {isa = PBXFileReference; lastKnownFileType = text.plist.xml; path = Info.plist; sourceTree = "<group>"; };
		78CA5C9E2332A4A200B8A584 /* CountryModel.swift */ = {isa = PBXFileReference; lastKnownFileType = sourcecode.swift; path = CountryModel.swift; sourceTree = "<group>"; };
		78CA5CA02332A7AE00B8A584 /* RegionalBlocModel.swift */ = {isa = PBXFileReference; lastKnownFileType = sourcecode.swift; path = RegionalBlocModel.swift; sourceTree = "<group>"; };
		78CA5CA22332A8C100B8A584 /* TranslationModel.swift */ = {isa = PBXFileReference; lastKnownFileType = sourcecode.swift; path = TranslationModel.swift; sourceTree = "<group>"; };
		78CA5CA42332ACD500B8A584 /* LanguageModel.swift */ = {isa = PBXFileReference; lastKnownFileType = sourcecode.swift; path = LanguageModel.swift; sourceTree = "<group>"; };
		78CA5CA62332AD3B00B8A584 /* CurrencyModel.swift */ = {isa = PBXFileReference; lastKnownFileType = sourcecode.swift; path = CurrencyModel.swift; sourceTree = "<group>"; };
		78CA5CAA2332B17500B8A584 /* ServiceManager.swift */ = {isa = PBXFileReference; lastKnownFileType = sourcecode.swift; path = ServiceManager.swift; sourceTree = "<group>"; };
		78EBB5872332CCB100D449E9 /* CountriesTableViewController.swift */ = {isa = PBXFileReference; lastKnownFileType = sourcecode.swift; path = CountriesTableViewController.swift; sourceTree = "<group>"; };
		CC272978CDCD7D5A14FB084C /* Pods_CountryViewer.framework */ = {isa = PBXFileReference; explicitFileType = wrapper.framework; includeInIndex = 0; path = Pods_CountryViewer.framework; sourceTree = BUILT_PRODUCTS_DIR; };
		FB28867047E895D83B0D6EAC /* Pods-CountryViewer.debug.xcconfig */ = {isa = PBXFileReference; includeInIndex = 1; lastKnownFileType = text.xcconfig; name = "Pods-CountryViewer.debug.xcconfig"; path = "Target Support Files/Pods-CountryViewer/Pods-CountryViewer.debug.xcconfig"; sourceTree = "<group>"; };
/* End PBXFileReference section */

/* Begin PBXFrameworksBuildPhase section */
		78CA5C822332A46200B8A584 /* Frameworks */ = {
			isa = PBXFrameworksBuildPhase;
			buildActionMask = 2147483647;
			files = (
				78B2BF8223355A7700921A96 /* WebKit.framework in Frameworks */,
				796E73D38D202DEE094A69BF /* Pods_CountryViewer.framework in Frameworks */,
			);
			runOnlyForDeploymentPostprocessing = 0;
		};
/* End PBXFrameworksBuildPhase section */

/* Begin PBXGroup section */
		40FC9288DD4BF0774DCD16D8 /* Pods */ = {
			isa = PBXGroup;
			children = (
				FB28867047E895D83B0D6EAC /* Pods-CountryViewer.debug.xcconfig */,
				39B3AB16E35AA24C033B4968 /* Pods-CountryViewer.release.xcconfig */,
			);
			path = Pods;
			sourceTree = "<group>";
		};
		7834711E2332D41300CE5856 /* Views */ = {
			isa = PBXGroup;
			children = (
				7834711F2332D42800CE5856 /* CountryTableViewCell.swift */,
			);
			path = Views;
			sourceTree = "<group>";
		};
		78841B9A23396DE7008A8C91 /* Helpers */ = {
			isa = PBXGroup;
			children = (
			);
			path = Helpers;
			sourceTree = "<group>";
		};
		78CA5C7C2332A46200B8A584 = {
			isa = PBXGroup;
			children = (
				78CA5C872332A46200B8A584 /* CountryViewer */,
				78CA5C862332A46200B8A584 /* Products */,
				40FC9288DD4BF0774DCD16D8 /* Pods */,
				FA5E2D69F007465051DAAC3B /* Frameworks */,
			);
			sourceTree = "<group>";
		};
		78CA5C862332A46200B8A584 /* Products */ = {
			isa = PBXGroup;
			children = (
				78CA5C852332A46200B8A584 /* CountryViewer.app */,
			);
			name = Products;
			sourceTree = "<group>";
		};
		78CA5C872332A46200B8A584 /* CountryViewer */ = {
			isa = PBXGroup;
			children = (
				78841B9A23396DE7008A8C91 /* Helpers */,
				78CA5CA92332AD8000B8A584 /* Managers */,
				7834711E2332D41300CE5856 /* Views */,
				78CA5CA82332AD7400B8A584 /* Controllers */,
				78CA5C9D2332A47600B8A584 /* Models */,
				78CA5C882332A46200B8A584 /* AppDelegate.swift */,
				78CA5C8C2332A46300B8A584 /* Main.storyboard */,
				78CA5C922332A46500B8A584 /* Assets.xcassets */,
				78CA5C942332A46500B8A584 /* LaunchScreen.storyboard */,
				78CA5C972332A46500B8A584 /* Info.plist */,
				78CA5C8F2332A46300B8A584 /* CountryViewer.xcdatamodeld */,
			);
			path = CountryViewer;
			sourceTree = "<group>";
		};
		78CA5C9D2332A47600B8A584 /* Models */ = {
			isa = PBXGroup;
			children = (
				78CA5C9E2332A4A200B8A584 /* CountryModel.swift */,
				78CA5CA02332A7AE00B8A584 /* RegionalBlocModel.swift */,
				78CA5CA22332A8C100B8A584 /* TranslationModel.swift */,
				78CA5CA42332ACD500B8A584 /* LanguageModel.swift */,
				78CA5CA62332AD3B00B8A584 /* CurrencyModel.swift */,
			);
			path = Models;
			sourceTree = "<group>";
		};
		78CA5CA82332AD7400B8A584 /* Controllers */ = {
			isa = PBXGroup;
			children = (
				78EBB5872332CCB100D449E9 /* CountriesTableViewController.swift */,
				78841BA1233995D6008A8C91 /* CountryDetailViewController.swift */,
				78457F21233A9FA100D6BA8A /* LocationViewController.swift */,
			);
			path = Controllers;
			sourceTree = "<group>";
		};
		78CA5CA92332AD8000B8A584 /* Managers */ = {
			isa = PBXGroup;
			children = (
				78CA5CAA2332B17500B8A584 /* ServiceManager.swift */,
			);
			path = Managers;
			sourceTree = "<group>";
		};
		FA5E2D69F007465051DAAC3B /* Frameworks */ = {
			isa = PBXGroup;
			children = (
				78B2BF8123355A7700921A96 /* WebKit.framework */,
				CC272978CDCD7D5A14FB084C /* Pods_CountryViewer.framework */,
			);
			name = Frameworks;
			sourceTree = "<group>";
		};
/* End PBXGroup section */

/* Begin PBXNativeTarget section */
		78CA5C842332A46200B8A584 /* CountryViewer */ = {
			isa = PBXNativeTarget;
			buildConfigurationList = 78CA5C9A2332A46500B8A584 /* Build configuration list for PBXNativeTarget "CountryViewer" */;
			buildPhases = (
				9FF67C4A647923B96007498C /* [CP] Check Pods Manifest.lock */,
				78CA5C812332A46200B8A584 /* Sources */,
				78CA5C822332A46200B8A584 /* Frameworks */,
				78CA5C832332A46200B8A584 /* Resources */,
				1BCDF0F2C0F99DCFE0BA8C57 /* [CP] Embed Pods Frameworks */,
			);
			buildRules = (
			);
			dependencies = (
			);
			name = CountryViewer;
			productName = CountryViewer;
			productReference = 78CA5C852332A46200B8A584 /* CountryViewer.app */;
			productType = "com.apple.product-type.application";
		};
/* End PBXNativeTarget section */

/* Begin PBXProject section */
		78CA5C7D2332A46200B8A584 /* Project object */ = {
			isa = PBXProject;
			attributes = {
				LastSwiftUpdateCheck = 1030;
				LastUpgradeCheck = 1030;
				ORGANIZATIONNAME = "Arturo Calvo";
				TargetAttributes = {
					78CA5C842332A46200B8A584 = {
						CreatedOnToolsVersion = 10.3;
					};
				};
			};
			buildConfigurationList = 78CA5C802332A46200B8A584 /* Build configuration list for PBXProject "CountryViewer" */;
			compatibilityVersion = "Xcode 9.3";
			developmentRegion = en;
			hasScannedForEncodings = 0;
			knownRegions = (
				en,
				Base,
			);
			mainGroup = 78CA5C7C2332A46200B8A584;
			productRefGroup = 78CA5C862332A46200B8A584 /* Products */;
			projectDirPath = "";
			projectRoot = "";
			targets = (
				78CA5C842332A46200B8A584 /* CountryViewer */,
			);
		};
/* End PBXProject section */

/* Begin PBXResourcesBuildPhase section */
		78CA5C832332A46200B8A584 /* Resources */ = {
			isa = PBXResourcesBuildPhase;
			buildActionMask = 2147483647;
			files = (
				78CA5C962332A46500B8A584 /* LaunchScreen.storyboard in Resources */,
				78CA5C932332A46500B8A584 /* Assets.xcassets in Resources */,
				78CA5C8E2332A46300B8A584 /* Main.storyboard in Resources */,
			);
			runOnlyForDeploymentPostprocessing = 0;
		};
/* End PBXResourcesBuildPhase section */

/* Begin PBXShellScriptBuildPhase section */
		1BCDF0F2C0F99DCFE0BA8C57 /* [CP] Embed Pods Frameworks */ = {
			isa = PBXShellScriptBuildPhase;
			buildActionMask = 2147483647;
			files = (
			);
			inputFileListPaths = (
				"${PODS_ROOT}/Target Support Files/Pods-CountryViewer/Pods-CountryViewer-frameworks-${CONFIGURATION}-input-files.xcfilelist",
			);
			name = "[CP] Embed Pods Frameworks";
			outputFileListPaths = (
				"${PODS_ROOT}/Target Support Files/Pods-CountryViewer/Pods-CountryViewer-frameworks-${CONFIGURATION}-output-files.xcfilelist",
			);
			runOnlyForDeploymentPostprocessing = 0;
			shellPath = /bin/sh;
			shellScript = "\"${PODS_ROOT}/Target Support Files/Pods-CountryViewer/Pods-CountryViewer-frameworks.sh\"\n";
			showEnvVarsInLog = 0;
		};
		9FF67C4A647923B96007498C /* [CP] Check Pods Manifest.lock */ = {
			isa = PBXShellScriptBuildPhase;
			buildActionMask = 2147483647;
			files = (
			);
			inputFileListPaths = (
			);
			inputPaths = (
				"${PODS_PODFILE_DIR_PATH}/Podfile.lock",
				"${PODS_ROOT}/Manifest.lock",
			);
			name = "[CP] Check Pods Manifest.lock";
			outputFileListPaths = (
			);
			outputPaths = (
				"$(DERIVED_FILE_DIR)/Pods-CountryViewer-checkManifestLockResult.txt",
			);
			runOnlyForDeploymentPostprocessing = 0;
			shellPath = /bin/sh;
			shellScript = "diff \"${PODS_PODFILE_DIR_PATH}/Podfile.lock\" \"${PODS_ROOT}/Manifest.lock\" > /dev/null\nif [ $? != 0 ] ; then\n    # print error to STDERR\n    echo \"error: The sandbox is not in sync with the Podfile.lock. Run 'pod install' or update your CocoaPods installation.\" >&2\n    exit 1\nfi\n# This output is used by Xcode 'outputs' to avoid re-running this script phase.\necho \"SUCCESS\" > \"${SCRIPT_OUTPUT_FILE_0}\"\n";
			showEnvVarsInLog = 0;
		};
/* End PBXShellScriptBuildPhase section */

/* Begin PBXSourcesBuildPhase section */
		78CA5C812332A46200B8A584 /* Sources */ = {
			isa = PBXSourcesBuildPhase;
			buildActionMask = 2147483647;
			files = (
				78CA5CA12332A7AE00B8A584 /* RegionalBlocModel.swift in Sources */,
				78CA5CA72332AD3B00B8A584 /* CurrencyModel.swift in Sources */,
				78CA5CA52332ACD500B8A584 /* LanguageModel.swift in Sources */,
				78457F22233A9FA100D6BA8A /* LocationViewController.swift in Sources */,
				78841BA2233995D6008A8C91 /* CountryDetailViewController.swift in Sources */,
				78CA5C912332A46300B8A584 /* CountryViewer.xcdatamodeld in Sources */,
				783471202332D42800CE5856 /* CountryTableViewCell.swift in Sources */,
				78EBB5882332CCB100D449E9 /* CountriesTableViewController.swift in Sources */,
				78CA5CAB2332B17500B8A584 /* ServiceManager.swift in Sources */,
				78CA5C9F2332A4A200B8A584 /* CountryModel.swift in Sources */,
				78CA5C892332A46200B8A584 /* AppDelegate.swift in Sources */,
				78CA5CA32332A8C100B8A584 /* TranslationModel.swift in Sources */,
			);
			runOnlyForDeploymentPostprocessing = 0;
		};
/* End PBXSourcesBuildPhase section */

/* Begin PBXVariantGroup section */
		78CA5C8C2332A46300B8A584 /* Main.storyboard */ = {
			isa = PBXVariantGroup;
			children = (
				78CA5C8D2332A46300B8A584 /* Base */,
			);
			name = Main.storyboard;
			sourceTree = "<group>";
		};
		78CA5C942332A46500B8A584 /* LaunchScreen.storyboard */ = {
			isa = PBXVariantGroup;
			children = (
				78CA5C952332A46500B8A584 /* Base */,
			);
			name = LaunchScreen.storyboard;
			sourceTree = "<group>";
		};
/* End PBXVariantGroup section */

/* Begin XCBuildConfiguration section */
		78CA5C982332A46500B8A584 /* Debug */ = {
			isa = XCBuildConfiguration;
			buildSettings = {
				ALWAYS_SEARCH_USER_PATHS = NO;
				CLANG_ANALYZER_NONNULL = YES;
				CLANG_ANALYZER_NUMBER_OBJECT_CONVERSION = YES_AGGRESSIVE;
				CLANG_CXX_LANGUAGE_STANDARD = "gnu++14";
				CLANG_CXX_LIBRARY = "libc++";
				CLANG_ENABLE_MODULES = YES;
				CLANG_ENABLE_OBJC_ARC = YES;
				CLANG_ENABLE_OBJC_WEAK = YES;
				CLANG_WARN_BLOCK_CAPTURE_AUTORELEASING = YES;
				CLANG_WARN_BOOL_CONVERSION = YES;
				CLANG_WARN_COMMA = YES;
				CLANG_WARN_CONSTANT_CONVERSION = YES;
				CLANG_WARN_DEPRECATED_OBJC_IMPLEMENTATIONS = YES;
				CLANG_WARN_DIRECT_OBJC_ISA_USAGE = YES_ERROR;
				CLANG_WARN_DOCUMENTATION_COMMENTS = YES;
				CLANG_WARN_EMPTY_BODY = YES;
				CLANG_WARN_ENUM_CONVERSION = YES;
				CLANG_WARN_INFINITE_RECURSION = YES;
				CLANG_WARN_INT_CONVERSION = YES;
				CLANG_WARN_NON_LITERAL_NULL_CONVERSION = YES;
				CLANG_WARN_OBJC_IMPLICIT_RETAIN_SELF = YES;
				CLANG_WARN_OBJC_LITERAL_CONVERSION = YES;
				CLANG_WARN_OBJC_ROOT_CLASS = YES_ERROR;
				CLANG_WARN_RANGE_LOOP_ANALYSIS = YES;
				CLANG_WARN_STRICT_PROTOTYPES = YES;
				CLANG_WARN_SUSPICIOUS_MOVE = YES;
				CLANG_WARN_UNGUARDED_AVAILABILITY = YES_AGGRESSIVE;
				CLANG_WARN_UNREACHABLE_CODE = YES;
				CLANG_WARN__DUPLICATE_METHOD_MATCH = YES;
				CODE_SIGN_IDENTITY = "iPhone Developer";
				COPY_PHASE_STRIP = NO;
				DEBUG_INFORMATION_FORMAT = dwarf;
				ENABLE_STRICT_OBJC_MSGSEND = YES;
				ENABLE_TESTABILITY = YES;
				GCC_C_LANGUAGE_STANDARD = gnu11;
				GCC_DYNAMIC_NO_PIC = NO;
				GCC_NO_COMMON_BLOCKS = YES;
				GCC_OPTIMIZATION_LEVEL = 0;
				GCC_PREPROCESSOR_DEFINITIONS = (
					"DEBUG=1",
					"$(inherited)",
				);
				GCC_WARN_64_TO_32_BIT_CONVERSION = YES;
				GCC_WARN_ABOUT_RETURN_TYPE = YES_ERROR;
				GCC_WARN_UNDECLARED_SELECTOR = YES;
				GCC_WARN_UNINITIALIZED_AUTOS = YES_AGGRESSIVE;
				GCC_WARN_UNUSED_FUNCTION = YES;
				GCC_WARN_UNUSED_VARIABLE = YES;
				IPHONEOS_DEPLOYMENT_TARGET = 12.4;
				MTL_ENABLE_DEBUG_INFO = INCLUDE_SOURCE;
				MTL_FAST_MATH = YES;
				ONLY_ACTIVE_ARCH = YES;
				SDKROOT = iphoneos;
				SWIFT_ACTIVE_COMPILATION_CONDITIONS = DEBUG;
				SWIFT_OPTIMIZATION_LEVEL = "-Onone";
			};
			name = Debug;
		};
		78CA5C992332A46500B8A584 /* Release */ = {
			isa = XCBuildConfiguration;
			buildSettings = {
				ALWAYS_SEARCH_USER_PATHS = NO;
				CLANG_ANALYZER_NONNULL = YES;
				CLANG_ANALYZER_NUMBER_OBJECT_CONVERSION = YES_AGGRESSIVE;
				CLANG_CXX_LANGUAGE_STANDARD = "gnu++14";
				CLANG_CXX_LIBRARY = "libc++";
				CLANG_ENABLE_MODULES = YES;
				CLANG_ENABLE_OBJC_ARC = YES;
				CLANG_ENABLE_OBJC_WEAK = YES;
				CLANG_WARN_BLOCK_CAPTURE_AUTORELEASING = YES;
				CLANG_WARN_BOOL_CONVERSION = YES;
				CLANG_WARN_COMMA = YES;
				CLANG_WARN_CONSTANT_CONVERSION = YES;
				CLANG_WARN_DEPRECATED_OBJC_IMPLEMENTATIONS = YES;
				CLANG_WARN_DIRECT_OBJC_ISA_USAGE = YES_ERROR;
				CLANG_WARN_DOCUMENTATION_COMMENTS = YES;
				CLANG_WARN_EMPTY_BODY = YES;
				CLANG_WARN_ENUM_CONVERSION = YES;
				CLANG_WARN_INFINITE_RECURSION = YES;
				CLANG_WARN_INT_CONVERSION = YES;
				CLANG_WARN_NON_LITERAL_NULL_CONVERSION = YES;
				CLANG_WARN_OBJC_IMPLICIT_RETAIN_SELF = YES;
				CLANG_WARN_OBJC_LITERAL_CONVERSION = YES;
				CLANG_WARN_OBJC_ROOT_CLASS = YES_ERROR;
				CLANG_WARN_RANGE_LOOP_ANALYSIS = YES;
				CLANG_WARN_STRICT_PROTOTYPES = YES;
				CLANG_WARN_SUSPICIOUS_MOVE = YES;
				CLANG_WARN_UNGUARDED_AVAILABILITY = YES_AGGRESSIVE;
				CLANG_WARN_UNREACHABLE_CODE = YES;
				CLANG_WARN__DUPLICATE_METHOD_MATCH = YES;
				CODE_SIGN_IDENTITY = "iPhone Developer";
				COPY_PHASE_STRIP = NO;
				DEBUG_INFORMATION_FORMAT = "dwarf-with-dsym";
				ENABLE_NS_ASSERTIONS = NO;
				ENABLE_STRICT_OBJC_MSGSEND = YES;
				GCC_C_LANGUAGE_STANDARD = gnu11;
				GCC_NO_COMMON_BLOCKS = YES;
				GCC_WARN_64_TO_32_BIT_CONVERSION = YES;
				GCC_WARN_ABOUT_RETURN_TYPE = YES_ERROR;
				GCC_WARN_UNDECLARED_SELECTOR = YES;
				GCC_WARN_UNINITIALIZED_AUTOS = YES_AGGRESSIVE;
				GCC_WARN_UNUSED_FUNCTION = YES;
				GCC_WARN_UNUSED_VARIABLE = YES;
				IPHONEOS_DEPLOYMENT_TARGET = 12.4;
				MTL_ENABLE_DEBUG_INFO = NO;
				MTL_FAST_MATH = YES;
				SDKROOT = iphoneos;
				SWIFT_COMPILATION_MODE = wholemodule;
				SWIFT_OPTIMIZATION_LEVEL = "-O";
				VALIDATE_PRODUCT = YES;
			};
			name = Release;
		};
		78CA5C9B2332A46500B8A584 /* Debug */ = {
			isa = XCBuildConfiguration;
			baseConfigurationReference = FB28867047E895D83B0D6EAC /* Pods-CountryViewer.debug.xcconfig */;
			buildSettings = {
				ASSETCATALOG_COMPILER_APPICON_NAME = AppIcon;
				CODE_SIGN_STYLE = Automatic;
				DEVELOPMENT_TEAM = 2GH56X8WU4;
				INFOPLIST_FILE = CountryViewer/Info.plist;
				LD_RUNPATH_SEARCH_PATHS = (
					"$(inherited)",
					"@executable_path/Frameworks",
				);
				PRODUCT_BUNDLE_IDENTIFIER = com.acalvo.CountryViewer;
				PRODUCT_NAME = "$(TARGET_NAME)";
				SWIFT_VERSION = 5.0;
				TARGETED_DEVICE_FAMILY = "1,2";
			};
			name = Debug;
		};
		78CA5C9C2332A46500B8A584 /* Release */ = {
			isa = XCBuildConfiguration;
			baseConfigurationReference = 39B3AB16E35AA24C033B4968 /* Pods-CountryViewer.release.xcconfig */;
			buildSettings = {
				ASSETCATALOG_COMPILER_APPICON_NAME = AppIcon;
				CODE_SIGN_STYLE = Automatic;
				DEVELOPMENT_TEAM = 2GH56X8WU4;
				INFOPLIST_FILE = CountryViewer/Info.plist;
				LD_RUNPATH_SEARCH_PATHS = (
					"$(inherited)",
					"@executable_path/Frameworks",
				);
				PRODUCT_BUNDLE_IDENTIFIER = com.acalvo.CountryViewer;
				PRODUCT_NAME = "$(TARGET_NAME)";
				SWIFT_VERSION = 5.0;
				TARGETED_DEVICE_FAMILY = "1,2";
			};
			name = Release;
		};
/* End XCBuildConfiguration section */

/* Begin XCConfigurationList section */
		78CA5C802332A46200B8A584 /* Build configuration list for PBXProject "CountryViewer" */ = {
			isa = XCConfigurationList;
			buildConfigurations = (
				78CA5C982332A46500B8A584 /* Debug */,
				78CA5C992332A46500B8A584 /* Release */,
			);
			defaultConfigurationIsVisible = 0;
			defaultConfigurationName = Release;
		};
		78CA5C9A2332A46500B8A584 /* Build configuration list for PBXNativeTarget "CountryViewer" */ = {
			isa = XCConfigurationList;
			buildConfigurations = (
				78CA5C9B2332A46500B8A584 /* Debug */,
				78CA5C9C2332A46500B8A584 /* Release */,
			);
			defaultConfigurationIsVisible = 0;
			defaultConfigurationName = Release;
		};
/* End XCConfigurationList section */

/* Begin XCVersionGroup section */
		78CA5C8F2332A46300B8A584 /* CountryViewer.xcdatamodeld */ = {
			isa = XCVersionGroup;
			children = (
				78CA5C902332A46300B8A584 /* CountryViewer.xcdatamodel */,
			);
			currentVersion = 78CA5C902332A46300B8A584 /* CountryViewer.xcdatamodel */;
			path = CountryViewer.xcdatamodeld;
			sourceTree = "<group>";
			versionGroupType = wrapper.xcdatamodel;
		};
/* End XCVersionGroup section */
	};
	rootObject = 78CA5C7D2332A46200B8A584 /* Project object */;
}
